
Microsoft Visual Studio Solution File, Format Version 12.00
# Visual Studio Version 17
VisualStudioVersion = 17.13.35931.197
MinimumVisualStudioVersion = 10.0.40219.1
Project("{FAE04EC0-301F-11D3-BF4B-00C04F79EFBC}") = "duLichQuangNam", "duLichQuangNam\duLichQuangNam.csproj", "{06E07931-7BF4-46A1-A5EC-FC448FBE37AE}"
EndProject
Project("{E53339B2-1760-4266-BCC7-CA923CBCF16C}") = "docker-compose", "docker-compose.dcproj", "{81DDED9D-158B-E303-5F62-77A2896D2A5A}"
EndProject
Global
	GlobalSection(SolutionConfigurationPlatforms) = preSolution
		Debug|Any CPU = Debug|Any CPU
		Release|Any CPU = Release|Any CPU
	EndGlobalSection
	GlobalSection(ProjectConfigurationPlatforms) = postSolution
		{06E07931-7BF4-46A1-A5EC-FC448FBE37AE}.Debug|Any CPU.ActiveCfg = Debug|Any CPU
		{06E07931-7BF4-46A1-A5EC-FC448FBE37AE}.Debug|Any CPU.Build.0 = Debug|Any CPU
		{06E07931-7BF4-46A1-A5EC-FC448FBE37AE}.Release|Any CPU.ActiveCfg = Release|Any CPU
		{06E07931-7BF4-46A1-A5EC-FC448FBE37AE}.Release|Any CPU.Build.0 = Release|Any CPU
		{81DDED9D-158B-E303-5F62-77A2896D2A5A}.Debug|Any CPU.ActiveCfg = Debug|Any CPU
		{81DDED9D-158B-E303-5F62-77A2896D2A5A}.Debug|Any CPU.Build.0 = Debug|Any CPU
		{81DDED9D-158B-E303-5F62-77A2896D2A5A}.Release|Any CPU.ActiveCfg = Release|Any CPU
		{81DDED9D-158B-E303-5F62-77A2896D2A5A}.Release|Any CPU.Build.0 = Release|Any CPU
	EndGlobalSection
	GlobalSection(SolutionProperties) = preSolution
		HideSolutionNode = FALSE
	EndGlobalSection
	GlobalSection(ExtensibilityGlobals) = postSolution
		SolutionGuid = {083C2CD3-DC6C-414E-8953-228935C99BAA}
	EndGlobalSection
EndGlobal
